
Microsoft Visual Studio Solution File, Format Version 12.00
# Visual Studio 15
VisualStudioVersion = 15.0.28307.645
MinimumVisualStudioVersion = 10.0.40219.1
Project("{FAE04EC0-301F-11D3-BF4B-00C04F79EFBC}") = "CpuMemMonitor", "CpuMemMonitor\CpuMemMonitor.csproj", "{A42F8421-A427-4811-ACDF-0C3B389D2711}"
EndProject
Global
	GlobalSection(SolutionConfigurationPlatforms) = preSolution
		Debug|Any CPU = Debug|Any CPU
		Release|Any CPU = Release|Any CPU
	EndGlobalSection
	GlobalSection(ProjectConfigurationPlatforms) = postSolution
		{A42F8421-A427-4811-ACDF-0C3B389D2711}.Debug|Any CPU.ActiveCfg = Debug|Any CPU
		{A42F8421-A427-4811-ACDF-0C3B389D2711}.Debug|Any CPU.Build.0 = Debug|Any CPU
		{A42F8421-A427-4811-ACDF-0C3B389D2711}.Release|Any CPU.ActiveCfg = Release|Any CPU
		{A42F8421-A427-4811-ACDF-0C3B389D2711}.Release|Any CPU.Build.0 = Release|Any CPU
	EndGlobalSection
	GlobalSection(SolutionProperties) = preSolution
		HideSolutionNode = FALSE
	EndGlobalSection
	GlobalSection(ExtensibilityGlobals) = postSolution
		SolutionGuid = {2597A856-254D-450C-A70A-6537E923C921}
	EndGlobalSection
EndGlobal
